
Microsoft Visual Studio Solution File, Format Version 12.00
# Visual Studio Version 17
VisualStudioVersion = 17.5.33530.505
MinimumVisualStudioVersion = 10.0.40219.1
Project("{9A19103F-16F7-4668-BE54-9A1E7A4F7556}") = "BankApp", "BankApp.csproj", "{BBBABE38-663F-4148-8492-942434D386BD}"
EndProject
Project("{9A19103F-16F7-4668-BE54-9A1E7A4F7556}") = "Bank-API", "..\Bank-API\Bank-API.csproj", "{117B9A15-5020-4F36-BA2B-1B8C26E245F8}"
EndProject
Project("{9A19103F-16F7-4668-BE54-9A1E7A4F7556}") = "Pension-API", "..\Pension-API\Pension-API.csproj", "{D71DD309-E0C9-4A2A-A4DF-F0F18EBFDAD2}"
EndProject
Global
	GlobalSection(SolutionConfigurationPlatforms) = preSolution
		Debug|Any CPU = Debug|Any CPU
		Release|Any CPU = Release|Any CPU
	EndGlobalSection
	GlobalSection(ProjectConfigurationPlatforms) = postSolution
		{BBBABE38-663F-4148-8492-942434D386BD}.Debug|Any CPU.ActiveCfg = Debug|Any CPU
		{BBBABE38-663F-4148-8492-942434D386BD}.Debug|Any CPU.Build.0 = Debug|Any CPU
		{BBBABE38-663F-4148-8492-942434D386BD}.Release|Any CPU.ActiveCfg = Release|Any CPU
		{BBBABE38-663F-4148-8492-942434D386BD}.Release|Any CPU.Build.0 = Release|Any CPU
		{117B9A15-5020-4F36-BA2B-1B8C26E245F8}.Debug|Any CPU.ActiveCfg = Debug|Any CPU
		{117B9A15-5020-4F36-BA2B-1B8C26E245F8}.Debug|Any CPU.Build.0 = Debug|Any CPU
		{117B9A15-5020-4F36-BA2B-1B8C26E245F8}.Release|Any CPU.ActiveCfg = Release|Any CPU
		{117B9A15-5020-4F36-BA2B-1B8C26E245F8}.Release|Any CPU.Build.0 = Release|Any CPU
		{D71DD309-E0C9-4A2A-A4DF-F0F18EBFDAD2}.Debug|Any CPU.ActiveCfg = Debug|Any CPU
		{D71DD309-E0C9-4A2A-A4DF-F0F18EBFDAD2}.Debug|Any CPU.Build.0 = Debug|Any CPU
		{D71DD309-E0C9-4A2A-A4DF-F0F18EBFDAD2}.Release|Any CPU.ActiveCfg = Release|Any CPU
		{D71DD309-E0C9-4A2A-A4DF-F0F18EBFDAD2}.Release|Any CPU.Build.0 = Release|Any CPU
	EndGlobalSection
	GlobalSection(SolutionProperties) = preSolution
		HideSolutionNode = FALSE
	EndGlobalSection
	GlobalSection(ExtensibilityGlobals) = postSolution
		SolutionGuid = {F3672768-CFFA-4C78-AEB7-C41D5AB36CCA}
	EndGlobalSection
EndGlobal
