
Microsoft Visual Studio Solution File, Format Version 12.00
# Visual Studio Version 17
VisualStudioVersion = 17.6.33717.318
MinimumVisualStudioVersion = 10.0.40219.1
Project("{888888A0-9F3D-457C-B088-3A5042F75D52}") = "Enigma", "Enigma\Enigma.pyproj", "{E2D531DB-ED3A-491D-B3A9-972C7AFF4F11}"
EndProject
Project("{FAE04EC0-301F-11D3-BF4B-00C04F79EFBC}") = "EnigmaC#", "EnigmaC#\EnigmaC#.csproj", "{58097C17-DE49-486F-85E1-96A889921BF2}"
EndProject
Global
	GlobalSection(SolutionConfigurationPlatforms) = preSolution
		Debug|Any CPU = Debug|Any CPU
		Release|Any CPU = Release|Any CPU
	EndGlobalSection
	GlobalSection(ProjectConfigurationPlatforms) = postSolution
		{E2D531DB-ED3A-491D-B3A9-972C7AFF4F11}.Debug|Any CPU.ActiveCfg = Debug|Any CPU
		{E2D531DB-ED3A-491D-B3A9-972C7AFF4F11}.Release|Any CPU.ActiveCfg = Release|Any CPU
		{58097C17-DE49-486F-85E1-96A889921BF2}.Debug|Any CPU.ActiveCfg = Debug|Any CPU
		{58097C17-DE49-486F-85E1-96A889921BF2}.Debug|Any CPU.Build.0 = Debug|Any CPU
		{58097C17-DE49-486F-85E1-96A889921BF2}.Release|Any CPU.ActiveCfg = Release|Any CPU
		{58097C17-DE49-486F-85E1-96A889921BF2}.Release|Any CPU.Build.0 = Release|Any CPU
	EndGlobalSection
	GlobalSection(SolutionProperties) = preSolution
		HideSolutionNode = FALSE
	EndGlobalSection
	GlobalSection(ExtensibilityGlobals) = postSolution
		SolutionGuid = {6245E867-0336-494C-B793-AD47102C6826}
	EndGlobalSection
EndGlobal
