
Microsoft Visual Studio Solution File, Format Version 12.00
# Visual Studio Version 17
VisualStudioVersion = 17.6.33717.318
MinimumVisualStudioVersion = 10.0.40219.1
Project("{FAE04EC0-301F-11D3-BF4B-00C04F79EFBC}") = "WeatherAppWeb", "WeatherAppWeb\WeatherAppWeb.csproj", "{F431E8B0-D9F1-48F1-B3DB-4A0EE3D56C58}"
EndProject
Project("{FAE04EC0-301F-11D3-BF4B-00C04F79EFBC}") = "WeatherProxyApi", "WeatherProxyApi\WeatherProxyApi.csproj", "{C2948596-818C-490B-9786-780A2EEB7C0E}"
EndProject
Global
	GlobalSection(SolutionConfigurationPlatforms) = preSolution
		Debug|Any CPU = Debug|Any CPU
		Release|Any CPU = Release|Any CPU
	EndGlobalSection
	GlobalSection(ProjectConfigurationPlatforms) = postSolution
		{F431E8B0-D9F1-48F1-B3DB-4A0EE3D56C58}.Debug|Any CPU.ActiveCfg = Debug|Any CPU
		{F431E8B0-D9F1-48F1-B3DB-4A0EE3D56C58}.Debug|Any CPU.Build.0 = Debug|Any CPU
		{F431E8B0-D9F1-48F1-B3DB-4A0EE3D56C58}.Release|Any CPU.ActiveCfg = Release|Any CPU
		{F431E8B0-D9F1-48F1-B3DB-4A0EE3D56C58}.Release|Any CPU.Build.0 = Release|Any CPU
		{C2948596-818C-490B-9786-780A2EEB7C0E}.Debug|Any CPU.ActiveCfg = Debug|Any CPU
		{C2948596-818C-490B-9786-780A2EEB7C0E}.Debug|Any CPU.Build.0 = Debug|Any CPU
		{C2948596-818C-490B-9786-780A2EEB7C0E}.Release|Any CPU.ActiveCfg = Release|Any CPU
		{C2948596-818C-490B-9786-780A2EEB7C0E}.Release|Any CPU.Build.0 = Release|Any CPU
	EndGlobalSection
	GlobalSection(SolutionProperties) = preSolution
		HideSolutionNode = FALSE
	EndGlobalSection
	GlobalSection(ExtensibilityGlobals) = postSolution
		SolutionGuid = {D454CBC5-D176-4FBC-A542-A22CA24D3873}
	EndGlobalSection
EndGlobal
